
Microsoft Visual Studio Solution File, Format Version 12.00
# Visual Studio Version 16
VisualStudioVersion = 16.0.30804.86
MinimumVisualStudioVersion = 10.0.40219.1
Project("{FAE04EC0-301F-11D3-BF4B-00C04F79EFBC}") = "AlgorithmsConsoleApp", "AlgorithmsConsoleApp.csproj", "{5F7115AB-2FB0-4432-883A-D4ABA627F710}"
EndProject
Project("{FAE04EC0-301F-11D3-BF4B-00C04F79EFBC}") = "Algorithms", "..\Algorithms\Algorithms.csproj", "{AF8358CC-5859-447D-8968-0517753D7072}"
EndProject
Global
	GlobalSection(SolutionConfigurationPlatforms) = preSolution
		Debug|Any CPU = Debug|Any CPU
		Release|Any CPU = Release|Any CPU
	EndGlobalSection
	GlobalSection(ProjectConfigurationPlatforms) = postSolution
		{5F7115AB-2FB0-4432-883A-D4ABA627F710}.Debug|Any CPU.ActiveCfg = Debug|Any CPU
		{5F7115AB-2FB0-4432-883A-D4ABA627F710}.Debug|Any CPU.Build.0 = Debug|Any CPU
		{5F7115AB-2FB0-4432-883A-D4ABA627F710}.Release|Any CPU.ActiveCfg = Release|Any CPU
		{5F7115AB-2FB0-4432-883A-D4ABA627F710}.Release|Any CPU.Build.0 = Release|Any CPU
		{AF8358CC-5859-447D-8968-0517753D7072}.Debug|Any CPU.ActiveCfg = Debug|Any CPU
		{AF8358CC-5859-447D-8968-0517753D7072}.Debug|Any CPU.Build.0 = Debug|Any CPU
		{AF8358CC-5859-447D-8968-0517753D7072}.Release|Any CPU.ActiveCfg = Release|Any CPU
		{AF8358CC-5859-447D-8968-0517753D7072}.Release|Any CPU.Build.0 = Release|Any CPU
	EndGlobalSection
	GlobalSection(SolutionProperties) = preSolution
		HideSolutionNode = FALSE
	EndGlobalSection
	GlobalSection(ExtensibilityGlobals) = postSolution
		SolutionGuid = {44109EC1-9C05-44BD-B6E9-DC9ECBA1C718}
	EndGlobalSection
EndGlobal
